// !$*UTF8*$!
{
	archiveVersion = 1;
	classes = {
	};
	objectVersion = 46;
	objects = {

/* Begin PBXBuildFile section */
		497961761A2793C7006DC59C /* UIEdgeInsets.swift in Sources */ = {isa = PBXBuildFile; fileRef = 497961751A2793C7006DC59C /* UIEdgeInsets.swift */; };
		497961781A27942C006DC59C /* UIOffset.swift in Sources */ = {isa = PBXBuildFile; fileRef = 497961771A27942C006DC59C /* UIOffset.swift */; };
		498138921A30680F00ACBC88 /* OrderedSet.swift in Sources */ = {isa = PBXBuildFile; fileRef = 498138911A30680F00ACBC88 /* OrderedSet.swift */; };
		498138941A30683C00ACBC88 /* MutableSetType.swift in Sources */ = {isa = PBXBuildFile; fileRef = 498138931A30683C00ACBC88 /* MutableSetType.swift */; };
		498138961A307D6100ACBC88 /* NSOrderedSet.swift in Sources */ = {isa = PBXBuildFile; fileRef = 498138951A307D6100ACBC88 /* NSOrderedSet.swift */; };
		49A1EB961A4314E50063D1D3 /* Double.swift in Sources */ = {isa = PBXBuildFile; fileRef = 49A1EB951A4314E50063D1D3 /* Double.swift */; };
		49AD05FD1A3E3E1D00E14A5E /* StrongReference.swift in Sources */ = {isa = PBXBuildFile; fileRef = 49AD05FC1A3E3E1D00E14A5E /* StrongReference.swift */; };
		49B26A841A03F41700192FE8 /* NSSet.swift in Sources */ = {isa = PBXBuildFile; fileRef = 49B26A831A03F41700192FE8 /* NSSet.swift */; };
		49CDCD7B19FA65EE00596989 /* Window.swift in Sources */ = {isa = PBXBuildFile; fileRef = 49CDCD7A19FA65EE00596989 /* Window.swift */; };
		49F44A201A39F24900AA1BDC /* View.swift in Sources */ = {isa = PBXBuildFile; fileRef = 49F44A1F1A39F24900AA1BDC /* View.swift */; };
		49FD7E6F19F0158600C562FA /* Definitions.swift in Sources */ = {isa = PBXBuildFile; fileRef = 49FD7E6D19F0158600C562FA /* Definitions.swift */; };
		49FD7E7019F0158600C562FA /* Threading.swift in Sources */ = {isa = PBXBuildFile; fileRef = 49FD7E6E19F0158600C562FA /* Threading.swift */; };
		49FD7E7219F0159F00C562FA /* Logging.swift in Sources */ = {isa = PBXBuildFile; fileRef = 49FD7E7119F0159F00C562FA /* Logging.swift */; };
		49FD7E7C19F0171B00C562FA /* Functional.swift in Sources */ = {isa = PBXBuildFile; fileRef = 49FD7E7B19F0171B00C562FA /* Functional.swift */; };
		49FD7E8719F0177A00C562FA /* NSCharacterSet.swift in Sources */ = {isa = PBXBuildFile; fileRef = 49FD7E8219F0177A00C562FA /* NSCharacterSet.swift */; };
		49FD7E8819F0177A00C562FA /* NSDate.swift in Sources */ = {isa = PBXBuildFile; fileRef = 49FD7E8319F0177A00C562FA /* NSDate.swift */; };
		49FD7E8919F0177A00C562FA /* Dictionary.swift in Sources */ = {isa = PBXBuildFile; fileRef = 49FD7E8519F0177A00C562FA /* Dictionary.swift */; };
		49FD7E8A19F0177A00C562FA /* String.swift in Sources */ = {isa = PBXBuildFile; fileRef = 49FD7E8619F0177A00C562FA /* String.swift */; };
		49FD7E8C19F0178C00C562FA /* CGMath.swift in Sources */ = {isa = PBXBuildFile; fileRef = 49FD7E8B19F0178C00C562FA /* CGMath.swift */; };
		49FD7E8E19F017AB00C562FA /* Array.swift in Sources */ = {isa = PBXBuildFile; fileRef = 49FD7E8D19F017AB00C562FA /* Array.swift */; };
		49FD7E9019F017BD00C562FA /* CGPoint.swift in Sources */ = {isa = PBXBuildFile; fileRef = 49FD7E8F19F017BD00C562FA /* CGPoint.swift */; };
		49FD7E9219F017D600C562FA /* CGRect.swift in Sources */ = {isa = PBXBuildFile; fileRef = 49FD7E9119F017D600C562FA /* CGRect.swift */; };
		49FD7E9419F017EE00C562FA /* CGSize.swift in Sources */ = {isa = PBXBuildFile; fileRef = 49FD7E9319F017EE00C562FA /* CGSize.swift */; };
		49FD7E9719F0181500C562FA /* UIBezierPath.swift in Sources */ = {isa = PBXBuildFile; fileRef = 49FD7E9619F0181500C562FA /* UIBezierPath.swift */; };
		49FD7E9919F0183600C562FA /* UITableView.swift in Sources */ = {isa = PBXBuildFile; fileRef = 49FD7E9819F0183600C562FA /* UITableView.swift */; };
		49FD7E9B19F0185B00C562FA /* UIView.swift in Sources */ = {isa = PBXBuildFile; fileRef = 49FD7E9A19F0185B00C562FA /* UIView.swift */; };
		49FD7E9D19F0187000C562FA /* Debugging.swift in Sources */ = {isa = PBXBuildFile; fileRef = 49FD7E9C19F0187000C562FA /* Debugging.swift */; };
		49FD7E9F19F018BB00C562FA /* CGFloat.swift in Sources */ = {isa = PBXBuildFile; fileRef = 49FD7E9E19F018BB00C562FA /* CGFloat.swift */; };
		49FD7EA819F0196400C562FA /* Set.swift in Sources */ = {isa = PBXBuildFile; fileRef = 49FD7EA319F0196400C562FA /* Set.swift */; };
		49FD7EA919F0196400C562FA /* SetType.swift in Sources */ = {isa = PBXBuildFile; fileRef = 49FD7EA419F0196400C562FA /* SetType.swift */; };
		49FD7EAA19F0196400C562FA /* Observatory.swift in Sources */ = {isa = PBXBuildFile; fileRef = 49FD7EA619F0196400C562FA /* Observatory.swift */; };
		49FD7EAB19F0196400C562FA /* WeakReference.swift in Sources */ = {isa = PBXBuildFile; fileRef = 49FD7EA719F0196400C562FA /* WeakReference.swift */; };
/* End PBXBuildFile section */

/* Begin PBXFileReference section */
		4915412019F16065004F7A01 /* JetPack.swift */ = {isa = PBXFileReference; fileEncoding = 4; lastKnownFileType = sourcecode.swift; path = JetPack.swift; sourceTree = "<group>"; };
		497961751A2793C7006DC59C /* UIEdgeInsets.swift */ = {isa = PBXFileReference; fileEncoding = 4; lastKnownFileType = sourcecode.swift; path = UIEdgeInsets.swift; sourceTree = "<group>"; };
		497961771A27942C006DC59C /* UIOffset.swift */ = {isa = PBXFileReference; fileEncoding = 4; lastKnownFileType = sourcecode.swift; path = UIOffset.swift; sourceTree = "<group>"; };
		498138911A30680F00ACBC88 /* OrderedSet.swift */ = {isa = PBXFileReference; fileEncoding = 4; lastKnownFileType = sourcecode.swift; path = OrderedSet.swift; sourceTree = "<group>"; };
		498138931A30683C00ACBC88 /* MutableSetType.swift */ = {isa = PBXFileReference; fileEncoding = 4; lastKnownFileType = sourcecode.swift; path = MutableSetType.swift; sourceTree = "<group>"; };
		498138951A307D6100ACBC88 /* NSOrderedSet.swift */ = {isa = PBXFileReference; fileEncoding = 4; lastKnownFileType = sourcecode.swift; path = NSOrderedSet.swift; sourceTree = "<group>"; };
		49A1EB951A4314E50063D1D3 /* Double.swift */ = {isa = PBXFileReference; fileEncoding = 4; lastKnownFileType = sourcecode.swift; path = Double.swift; sourceTree = "<group>"; };
		49AD05FC1A3E3E1D00E14A5E /* StrongReference.swift */ = {isa = PBXFileReference; fileEncoding = 4; lastKnownFileType = sourcecode.swift; path = StrongReference.swift; sourceTree = "<group>"; };
		49B26A831A03F41700192FE8 /* NSSet.swift */ = {isa = PBXFileReference; fileEncoding = 4; lastKnownFileType = sourcecode.swift; path = NSSet.swift; sourceTree = "<group>"; };
		49CDCD7A19FA65EE00596989 /* Window.swift */ = {isa = PBXFileReference; fileEncoding = 4; lastKnownFileType = sourcecode.swift; path = Window.swift; sourceTree = "<group>"; };
		49F44A1F1A39F24900AA1BDC /* View.swift */ = {isa = PBXFileReference; fileEncoding = 4; lastKnownFileType = sourcecode.swift; path = View.swift; sourceTree = "<group>"; };
		49FD7E3D19F00DE600C562FA /* JetPack.framework */ = {isa = PBXFileReference; explicitFileType = wrapper.framework; includeInIndex = 0; path = JetPack.framework; sourceTree = BUILT_PRODUCTS_DIR; };
		49FD7E6519F00EC900C562FA /* Info.plist */ = {isa = PBXFileReference; fileEncoding = 4; lastKnownFileType = text.plist.xml; path = Info.plist; sourceTree = "<group>"; };
		49FD7E6D19F0158600C562FA /* Definitions.swift */ = {isa = PBXFileReference; fileEncoding = 4; lastKnownFileType = sourcecode.swift; path = Definitions.swift; sourceTree = "<group>"; };
		49FD7E6E19F0158600C562FA /* Threading.swift */ = {isa = PBXFileReference; fileEncoding = 4; lastKnownFileType = sourcecode.swift; path = Threading.swift; sourceTree = "<group>"; };
		49FD7E7119F0159F00C562FA /* Logging.swift */ = {isa = PBXFileReference; fileEncoding = 4; lastKnownFileType = sourcecode.swift; path = Logging.swift; sourceTree = "<group>"; };
		49FD7E7B19F0171B00C562FA /* Functional.swift */ = {isa = PBXFileReference; fileEncoding = 4; lastKnownFileType = sourcecode.swift; path = Functional.swift; sourceTree = "<group>"; };
		49FD7E8219F0177A00C562FA /* NSCharacterSet.swift */ = {isa = PBXFileReference; fileEncoding = 4; lastKnownFileType = sourcecode.swift; path = NSCharacterSet.swift; sourceTree = "<group>"; };
		49FD7E8319F0177A00C562FA /* NSDate.swift */ = {isa = PBXFileReference; fileEncoding = 4; lastKnownFileType = sourcecode.swift; path = NSDate.swift; sourceTree = "<group>"; };
		49FD7E8519F0177A00C562FA /* Dictionary.swift */ = {isa = PBXFileReference; fileEncoding = 4; lastKnownFileType = sourcecode.swift; path = Dictionary.swift; sourceTree = "<group>"; };
		49FD7E8619F0177A00C562FA /* String.swift */ = {isa = PBXFileReference; fileEncoding = 4; lastKnownFileType = sourcecode.swift; path = String.swift; sourceTree = "<group>"; };
		49FD7E8B19F0178C00C562FA /* CGMath.swift */ = {isa = PBXFileReference; fileEncoding = 4; lastKnownFileType = sourcecode.swift; path = CGMath.swift; sourceTree = "<group>"; };
		49FD7E8D19F017AB00C562FA /* Array.swift */ = {isa = PBXFileReference; fileEncoding = 4; lastKnownFileType = sourcecode.swift; path = Array.swift; sourceTree = "<group>"; };
		49FD7E8F19F017BD00C562FA /* CGPoint.swift */ = {isa = PBXFileReference; fileEncoding = 4; lastKnownFileType = sourcecode.swift; path = CGPoint.swift; sourceTree = "<group>"; };
		49FD7E9119F017D600C562FA /* CGRect.swift */ = {isa = PBXFileReference; fileEncoding = 4; lastKnownFileType = sourcecode.swift; path = CGRect.swift; sourceTree = "<group>"; };
		49FD7E9319F017EE00C562FA /* CGSize.swift */ = {isa = PBXFileReference; fileEncoding = 4; lastKnownFileType = sourcecode.swift; path = CGSize.swift; sourceTree = "<group>"; };
		49FD7E9619F0181500C562FA /* UIBezierPath.swift */ = {isa = PBXFileReference; fileEncoding = 4; lastKnownFileType = sourcecode.swift; path = UIBezierPath.swift; sourceTree = "<group>"; };
		49FD7E9819F0183600C562FA /* UITableView.swift */ = {isa = PBXFileReference; fileEncoding = 4; lastKnownFileType = sourcecode.swift; path = UITableView.swift; sourceTree = "<group>"; };
		49FD7E9A19F0185B00C562FA /* UIView.swift */ = {isa = PBXFileReference; fileEncoding = 4; lastKnownFileType = sourcecode.swift; path = UIView.swift; sourceTree = "<group>"; };
		49FD7E9C19F0187000C562FA /* Debugging.swift */ = {isa = PBXFileReference; fileEncoding = 4; lastKnownFileType = sourcecode.swift; path = Debugging.swift; sourceTree = "<group>"; };
		49FD7E9E19F018BB00C562FA /* CGFloat.swift */ = {isa = PBXFileReference; fileEncoding = 4; lastKnownFileType = sourcecode.swift; path = CGFloat.swift; sourceTree = "<group>"; };
		49FD7EA319F0196400C562FA /* Set.swift */ = {isa = PBXFileReference; fileEncoding = 4; lastKnownFileType = sourcecode.swift; path = Set.swift; sourceTree = "<group>"; };
		49FD7EA419F0196400C562FA /* SetType.swift */ = {isa = PBXFileReference; fileEncoding = 4; lastKnownFileType = sourcecode.swift; path = SetType.swift; sourceTree = "<group>"; };
		49FD7EA619F0196400C562FA /* Observatory.swift */ = {isa = PBXFileReference; fileEncoding = 4; lastKnownFileType = sourcecode.swift; path = Observatory.swift; sourceTree = "<group>"; };
		49FD7EA719F0196400C562FA /* WeakReference.swift */ = {isa = PBXFileReference; fileEncoding = 4; lastKnownFileType = sourcecode.swift; path = WeakReference.swift; sourceTree = "<group>"; };
		49FD7EAC19F019A100C562FA /* README.md */ = {isa = PBXFileReference; lastKnownFileType = net.daringfireball.markdown; path = README.md; sourceTree = "<group>"; };
/* End PBXFileReference section */

/* Begin PBXFrameworksBuildPhase section */
		49FD7E3919F00DE600C562FA /* Frameworks */ = {
			isa = PBXFrameworksBuildPhase;
			buildActionMask = 2147483647;
			files = (
			);
			runOnlyForDeploymentPostprocessing = 0;
		};
/* End PBXFrameworksBuildPhase section */

/* Begin PBXGroup section */
		49CDCD7919FA65DF00596989 /* ui */ = {
			isa = PBXGroup;
			children = (
				49F44A1F1A39F24900AA1BDC /* View.swift */,
				49CDCD7A19FA65EE00596989 /* Window.swift */,
			);
			path = ui;
			sourceTree = "<group>";
		};
		49FD7E3119F009CA00C562FA = {
			isa = PBXGroup;
			children = (
				49FD7E6419F00EC900C562FA /* other */,
				49FD7E3E19F00DE600C562FA /* products */,
				49FD7E5719F00E9400C562FA /* sources */,
				49FD7EAC19F019A100C562FA /* README.md */,
			);
			sourceTree = "<group>";
		};
		49FD7E3E19F00DE600C562FA /* products */ = {
			isa = PBXGroup;
			children = (
				49FD7E3D19F00DE600C562FA /* JetPack.framework */,
			);
			name = products;
			sourceTree = "<group>";
		};
		49FD7E5719F00E9400C562FA /* sources */ = {
			isa = PBXGroup;
			children = (
				4915412019F16065004F7A01 /* JetPack.swift */,
				49FD7EA219F0196400C562FA /* containers */,
				49FD7E6B19F0158600C562FA /* extensions */,
				49FD7E6C19F0158600C562FA /* global */,
				49CDCD7919FA65DF00596989 /* ui */,
				49FD7EA519F0196400C562FA /* uncategorized */,
			);
			path = sources;
			sourceTree = "<group>";
		};
		49FD7E6419F00EC900C562FA /* other */ = {
			isa = PBXGroup;
			children = (
				49FD7E6519F00EC900C562FA /* Info.plist */,
			);
			path = other;
			sourceTree = "<group>";
		};
		49FD7E6B19F0158600C562FA /* extensions */ = {
			isa = PBXGroup;
			children = (
				49FD7E8019F0177A00C562FA /* CoreGraphics */,
				49FD7E8119F0177A00C562FA /* Foundation */,
				49FD7E8419F0177A00C562FA /* Swift */,
				49FD7E9519F0180A00C562FA /* UIKit */,
			);
			path = extensions;
			sourceTree = "<group>";
		};
		49FD7E6C19F0158600C562FA /* global */ = {
			isa = PBXGroup;
			children = (
				49FD7E9C19F0187000C562FA /* Debugging.swift */,
				49FD7E6D19F0158600C562FA /* Definitions.swift */,
				49FD7E7B19F0171B00C562FA /* Functional.swift */,
				49FD7E6E19F0158600C562FA /* Threading.swift */,
				49FD7E7119F0159F00C562FA /* Logging.swift */,
			);
			path = global;
			sourceTree = "<group>";
		};
		49FD7E8019F0177A00C562FA /* CoreGraphics */ = {
			isa = PBXGroup;
			children = (
				49FD7E9E19F018BB00C562FA /* CGFloat.swift */,
				49FD7E8B19F0178C00C562FA /* CGMath.swift */,
				49FD7E8F19F017BD00C562FA /* CGPoint.swift */,
				49FD7E9119F017D600C562FA /* CGRect.swift */,
				49FD7E9319F017EE00C562FA /* CGSize.swift */,
			);
			path = CoreGraphics;
			sourceTree = "<group>";
		};
		49FD7E8119F0177A00C562FA /* Foundation */ = {
			isa = PBXGroup;
			children = (
				49FD7E8219F0177A00C562FA /* NSCharacterSet.swift */,
				49FD7E8319F0177A00C562FA /* NSDate.swift */,
				498138951A307D6100ACBC88 /* NSOrderedSet.swift */,
				49B26A831A03F41700192FE8 /* NSSet.swift */,
			);
			path = Foundation;
			sourceTree = "<group>";
		};
		49FD7E8419F0177A00C562FA /* Swift */ = {
			isa = PBXGroup;
			children = (
				49FD7E8D19F017AB00C562FA /* Array.swift */,
				49FD7E8519F0177A00C562FA /* Dictionary.swift */,
				49A1EB951A4314E50063D1D3 /* Double.swift */,
				49FD7E8619F0177A00C562FA /* String.swift */,
			);
			path = Swift;
			sourceTree = "<group>";
		};
		49FD7E9519F0180A00C562FA /* UIKit */ = {
			isa = PBXGroup;
			children = (
				49FD7E9619F0181500C562FA /* UIBezierPath.swift */,
				497961751A2793C7006DC59C /* UIEdgeInsets.swift */,
				497961771A27942C006DC59C /* UIOffset.swift */,
				49FD7E9819F0183600C562FA /* UITableView.swift */,
				49FD7E9A19F0185B00C562FA /* UIView.swift */,
			);
			path = UIKit;
			sourceTree = "<group>";
		};
		49FD7EA219F0196400C562FA /* containers */ = {
			isa = PBXGroup;
			children = (
				498138931A30683C00ACBC88 /* MutableSetType.swift */,
				498138911A30680F00ACBC88 /* OrderedSet.swift */,
				49FD7EA319F0196400C562FA /* Set.swift */,
				49FD7EA419F0196400C562FA /* SetType.swift */,
			);
			path = containers;
			sourceTree = "<group>";
		};
		49FD7EA519F0196400C562FA /* uncategorized */ = {
			isa = PBXGroup;
			children = (
				49FD7EA619F0196400C562FA /* Observatory.swift */,
				49AD05FC1A3E3E1D00E14A5E /* StrongReference.swift */,
				49FD7EA719F0196400C562FA /* WeakReference.swift */,
			);
			path = uncategorized;
			sourceTree = "<group>";
		};
/* End PBXGroup section */

/* Begin PBXHeadersBuildPhase section */
		49FD7E3A19F00DE600C562FA /* Headers */ = {
			isa = PBXHeadersBuildPhase;
			buildActionMask = 2147483647;
			files = (
			);
			runOnlyForDeploymentPostprocessing = 0;
		};
/* End PBXHeadersBuildPhase section */

/* Begin PBXNativeTarget section */
		49FD7E3C19F00DE600C562FA /* JetPack */ = {
			isa = PBXNativeTarget;
			buildConfigurationList = 49FD7E5119F00DE600C562FA /* Build configuration list for PBXNativeTarget "JetPack" */;
			buildPhases = (
				49FD7E3819F00DE600C562FA /* Sources */,
				49FD7E3919F00DE600C562FA /* Frameworks */,
				49FD7E3A19F00DE600C562FA /* Headers */,
				49FD7E3B19F00DE600C562FA /* Resources */,
			);
			buildRules = (
			);
			dependencies = (
			);
			name = JetPack;
			productName = JetPack;
			productReference = 49FD7E3D19F00DE600C562FA /* JetPack.framework */;
			productType = "com.apple.product-type.framework";
		};
/* End PBXNativeTarget section */

/* Begin PBXProject section */
		49FD7E3219F009CA00C562FA /* Project object */ = {
			isa = PBXProject;
			attributes = {
				LastUpgradeCheck = 0610;
				TargetAttributes = {
					49FD7E3C19F00DE600C562FA = {
						CreatedOnToolsVersion = 6.1;
					};
				};
			};
			buildConfigurationList = 49FD7E3519F009CA00C562FA /* Build configuration list for PBXProject "JetPack" */;
			compatibilityVersion = "Xcode 3.2";
			developmentRegion = English;
			hasScannedForEncodings = 0;
			knownRegions = (
				en,
			);
			mainGroup = 49FD7E3119F009CA00C562FA;
			productRefGroup = 49FD7E3E19F00DE600C562FA /* products */;
			projectDirPath = "";
			projectRoot = "";
			targets = (
				49FD7E3C19F00DE600C562FA /* JetPack */,
			);
		};
/* End PBXProject section */

/* Begin PBXResourcesBuildPhase section */
		49FD7E3B19F00DE600C562FA /* Resources */ = {
			isa = PBXResourcesBuildPhase;
			buildActionMask = 2147483647;
			files = (
			);
			runOnlyForDeploymentPostprocessing = 0;
		};
/* End PBXResourcesBuildPhase section */

/* Begin PBXSourcesBuildPhase section */
		49FD7E3819F00DE600C562FA /* Sources */ = {
			isa = PBXSourcesBuildPhase;
			buildActionMask = 2147483647;
			files = (
				49FD7E9B19F0185B00C562FA /* UIView.swift in Sources */,
				49FD7E9419F017EE00C562FA /* CGSize.swift in Sources */,
				49A1EB961A4314E50063D1D3 /* Double.swift in Sources */,
				49F44A201A39F24900AA1BDC /* View.swift in Sources */,
				49FD7E9F19F018BB00C562FA /* CGFloat.swift in Sources */,
				49FD7E8719F0177A00C562FA /* NSCharacterSet.swift in Sources */,
				49FD7E9719F0181500C562FA /* UIBezierPath.swift in Sources */,
				49CDCD7B19FA65EE00596989 /* Window.swift in Sources */,
				498138961A307D6100ACBC88 /* NSOrderedSet.swift in Sources */,
				49FD7E8C19F0178C00C562FA /* CGMath.swift in Sources */,
				49AD05FD1A3E3E1D00E14A5E /* StrongReference.swift in Sources */,
				49FD7E8919F0177A00C562FA /* Dictionary.swift in Sources */,
				49FD7E8819F0177A00C562FA /* NSDate.swift in Sources */,
				498138921A30680F00ACBC88 /* OrderedSet.swift in Sources */,
				49FD7E8A19F0177A00C562FA /* String.swift in Sources */,
				49FD7EAB19F0196400C562FA /* WeakReference.swift in Sources */,
				497961761A2793C7006DC59C /* UIEdgeInsets.swift in Sources */,
				49FD7E9919F0183600C562FA /* UITableView.swift in Sources */,
				49FD7EA919F0196400C562FA /* SetType.swift in Sources */,
				49FD7E7219F0159F00C562FA /* Logging.swift in Sources */,
				49FD7E8E19F017AB00C562FA /* Array.swift in Sources */,
				49FD7E7C19F0171B00C562FA /* Functional.swift in Sources */,
				49FD7E6F19F0158600C562FA /* Definitions.swift in Sources */,
				497961781A27942C006DC59C /* UIOffset.swift in Sources */,
				49FD7EA819F0196400C562FA /* Set.swift in Sources */,
				49FD7E7019F0158600C562FA /* Threading.swift in Sources */,
				49FD7E9019F017BD00C562FA /* CGPoint.swift in Sources */,
				498138941A30683C00ACBC88 /* MutableSetType.swift in Sources */,
				49FD7E9D19F0187000C562FA /* Debugging.swift in Sources */,
				49FD7EAA19F0196400C562FA /* Observatory.swift in Sources */,
				49FD7E9219F017D600C562FA /* CGRect.swift in Sources */,
				49B26A841A03F41700192FE8 /* NSSet.swift in Sources */,
			);
			runOnlyForDeploymentPostprocessing = 0;
		};
/* End PBXSourcesBuildPhase section */

/* Begin XCBuildConfiguration section */
		49FD7E3619F009CA00C562FA /* Debug */ = {
			isa = XCBuildConfiguration;
			buildSettings = {
				ALWAYS_SEARCH_USER_PATHS = NO;
				CLANG_ENABLE_MODULES = YES;
				CLANG_ENABLE_OBJC_ARC = YES;
				CLANG_WARN_BOOL_CONVERSION = YES;
				CLANG_WARN_CONSTANT_CONVERSION = YES;
				CLANG_WARN_DIRECT_OBJC_ISA_USAGE = YES_ERROR;
				CLANG_WARN_EMPTY_BODY = YES;
				CLANG_WARN_ENUM_CONVERSION = YES;
				CLANG_WARN_INT_CONVERSION = YES;
				CLANG_WARN_OBJC_ROOT_CLASS = YES_ERROR;
				CLANG_WARN_UNREACHABLE_CODE = YES;
				CLANG_WARN__DUPLICATE_METHOD_MATCH = YES;
				CODE_SIGN_IDENTITY = "iPhone Developer";
				COPY_PHASE_STRIP = NO;
				CURRENT_PROJECT_VERSION = 1;
				DEFINES_MODULE = YES;
				DYLIB_COMPATIBILITY_VERSION = 1;
				DYLIB_CURRENT_VERSION = 1;
				DYLIB_INSTALL_NAME_BASE = "@rpath";
				ENABLE_STRICT_OBJC_MSGSEND = YES;
				GCC_OPTIMIZATION_LEVEL = 0;
				GCC_PREPROCESSOR_DEFINITIONS = "DEBUG=1";
				GCC_WARN_64_TO_32_BIT_CONVERSION = YES;
				GCC_WARN_ABOUT_RETURN_TYPE = YES_ERROR;
				GCC_WARN_UNDECLARED_SELECTOR = YES;
				GCC_WARN_UNINITIALIZED_AUTOS = YES_AGGRESSIVE;
				GCC_WARN_UNUSED_FUNCTION = YES;
				GCC_WARN_UNUSED_VARIABLE = YES;
				INFOPLIST_FILE = other/Info.plist;
				IPHONEOS_DEPLOYMENT_TARGET = 7.0;
				LD_RUNPATH_SEARCH_PATHS = "//:configuration = Debug\n\n//:configuration = Release\n\n//:completeSettings = some\nCONFIGURATION_BUILD_DIR\n";
				ONLY_ACTIVE_ARCH = YES;
				OTHER_SWIFT_FLAGS = "-DDEBUG";
				PRODUCT_NAME = JetPack;
				SDKROOT = iphoneos;
				SKIP_INSTALL = YES;
				SWIFT_OPTIMIZATION_LEVEL = "-Onone";
				TARGETED_DEVICE_FAMILY = "1,2";
				VERSIONING_SYSTEM = "apple-generic";
			};
			name = Debug;
		};
		49FD7E3719F009CA00C562FA /* Release */ = {
			isa = XCBuildConfiguration;
			buildSettings = {
				ALWAYS_SEARCH_USER_PATHS = NO;
				CLANG_ENABLE_MODULES = YES;
				CLANG_ENABLE_OBJC_ARC = YES;
				CLANG_WARN_BOOL_CONVERSION = YES;
				CLANG_WARN_CONSTANT_CONVERSION = YES;
				CLANG_WARN_DIRECT_OBJC_ISA_USAGE = YES_ERROR;
				CLANG_WARN_EMPTY_BODY = YES;
				CLANG_WARN_ENUM_CONVERSION = YES;
				CLANG_WARN_INT_CONVERSION = YES;
				CLANG_WARN_OBJC_ROOT_CLASS = YES_ERROR;
				CLANG_WARN_UNREACHABLE_CODE = YES;
				CLANG_WARN__DUPLICATE_METHOD_MATCH = YES;
				CODE_SIGN_IDENTITY = "iPhone Developer";
				CURRENT_PROJECT_VERSION = 1;
				DEFINES_MODULE = YES;
				DYLIB_COMPATIBILITY_VERSION = 1;
				DYLIB_CURRENT_VERSION = 1;
				DYLIB_INSTALL_NAME_BASE = "@rpath";
				ENABLE_NS_ASSERTIONS = NO;
				ENABLE_STRICT_OBJC_MSGSEND = YES;
				GCC_WARN_64_TO_32_BIT_CONVERSION = YES;
				GCC_WARN_ABOUT_RETURN_TYPE = YES_ERROR;
				GCC_WARN_UNDECLARED_SELECTOR = YES;
				GCC_WARN_UNINITIALIZED_AUTOS = YES_AGGRESSIVE;
				GCC_WARN_UNUSED_FUNCTION = YES;
				GCC_WARN_UNUSED_VARIABLE = YES;
				INFOPLIST_FILE = other/Info.plist;
				IPHONEOS_DEPLOYMENT_TARGET = 7.0;
				LD_RUNPATH_SEARCH_PATHS = "//:configuration = Debug\n\n//:configuration = Release\n\n//:completeSettings = some\nCONFIGURATION_BUILD_DIR\n";
				PRODUCT_NAME = JetPack;
				SDKROOT = iphoneos;
				SKIP_INSTALL = YES;
				TARGETED_DEVICE_FAMILY = "1,2";
				VALIDATE_PRODUCT = YES;
				VERSIONING_SYSTEM = "apple-generic";
			};
			name = Release;
		};
		49FD7E5219F00DE600C562FA /* Debug */ = {
			isa = XCBuildConfiguration;
			buildSettings = {
			};
			name = Debug;
		};
		49FD7E5319F00DE600C562FA /* Release */ = {
			isa = XCBuildConfiguration;
			buildSettings = {
			};
			name = Release;
		};
/* End XCBuildConfiguration section */

/* Begin XCConfigurationList section */
		49FD7E3519F009CA00C562FA /* Build configuration list for PBXProject "JetPack" */ = {
			isa = XCConfigurationList;
			buildConfigurations = (
				49FD7E3619F009CA00C562FA /* Debug */,
				49FD7E3719F009CA00C562FA /* Release */,
			);
			defaultConfigurationIsVisible = 0;
			defaultConfigurationName = Release;
		};
		49FD7E5119F00DE600C562FA /* Build configuration list for PBXNativeTarget "JetPack" */ = {
			isa = XCConfigurationList;
			buildConfigurations = (
				49FD7E5219F00DE600C562FA /* Debug */,
				49FD7E5319F00DE600C562FA /* Release */,
			);
			defaultConfigurationIsVisible = 0;
			defaultConfigurationName = Release;
		};
/* End XCConfigurationList section */
	};
	rootObject = 49FD7E3219F009CA00C562FA /* Project object */;
}
