// !$*UTF8*$!
{
	archiveVersion = 1;
	classes = {
	};
	objectVersion = 46;
	objects = {

/* Begin PBXBuildFile section */
		494784941BF2286E00684AA1 /* NSURL.swift in Sources */ = {isa = PBXBuildFile; fileRef = 494784931BF2286E00684AA1 /* NSURL.swift */; };
		498683361BE405D6001DCBC7 /* AppDelegate.swift in Sources */ = {isa = PBXBuildFile; fileRef = 498683311BE405D6001DCBC7 /* AppDelegate.swift */; };
		498683381BE405D6001DCBC7 /* LaunchScreen.storyboard in Resources */ = {isa = PBXBuildFile; fileRef = 498683331BE405D6001DCBC7 /* LaunchScreen.storyboard */; };
		498683451BE418B8001DCBC7 /* CGFloat.swift in Sources */ = {isa = PBXBuildFile; fileRef = 498683441BE418B8001DCBC7 /* CGFloat.swift */; };
		4986834A1BE41ECF001DCBC7 /* CGMath.swift in Sources */ = {isa = PBXBuildFile; fileRef = 498683461BE41ECF001DCBC7 /* CGMath.swift */; };
		4986834B1BE41ECF001DCBC7 /* CGPoint.swift in Sources */ = {isa = PBXBuildFile; fileRef = 498683471BE41ECF001DCBC7 /* CGPoint.swift */; };
		4986834C1BE41ECF001DCBC7 /* CGRect.swift in Sources */ = {isa = PBXBuildFile; fileRef = 498683481BE41ECF001DCBC7 /* CGRect.swift */; };
		4986834D1BE41ECF001DCBC7 /* CGSize.swift in Sources */ = {isa = PBXBuildFile; fileRef = 498683491BE41ECF001DCBC7 /* CGSize.swift */; };
		49A72CB21BE5600A001FDCE8 /* NSCalendar.swift in Sources */ = {isa = PBXBuildFile; fileRef = 49A72CA81BE5600A001FDCE8 /* NSCalendar.swift */; };
		49A72CB31BE5600A001FDCE8 /* NSCalendarUnit.swift in Sources */ = {isa = PBXBuildFile; fileRef = 49A72CA91BE5600A001FDCE8 /* NSCalendarUnit.swift */; };
		49A72CB41BE5600A001FDCE8 /* NSCharacterSet.swift in Sources */ = {isa = PBXBuildFile; fileRef = 49A72CAA1BE5600A001FDCE8 /* NSCharacterSet.swift */; };
		49A72CB51BE5600A001FDCE8 /* NSDate.swift in Sources */ = {isa = PBXBuildFile; fileRef = 49A72CAB1BE5600A001FDCE8 /* NSDate.swift */; };
		49A72CB71BE5600A001FDCE8 /* NSLocale.swift in Sources */ = {isa = PBXBuildFile; fileRef = 49A72CAD1BE5600A001FDCE8 /* NSLocale.swift */; };
		49A72CB81BE5600A001FDCE8 /* NSMutableAttributedString.swift in Sources */ = {isa = PBXBuildFile; fileRef = 49A72CAE1BE5600A001FDCE8 /* NSMutableAttributedString.swift */; };
		49A72CB91BE5600A001FDCE8 /* NSOrderedSet.swift in Sources */ = {isa = PBXBuildFile; fileRef = 49A72CAF1BE5600A001FDCE8 /* NSOrderedSet.swift */; };
		49A72CBA1BE5600A001FDCE8 /* NSProgress.swift in Sources */ = {isa = PBXBuildFile; fileRef = 49A72CB01BE5600A001FDCE8 /* NSProgress.swift */; };
		49A72CBB1BE5600A001FDCE8 /* NSRange.swift in Sources */ = {isa = PBXBuildFile; fileRef = 49A72CB11BE5600A001FDCE8 /* NSRange.swift */; };
		49A72CD11BE588C2001FDCE8 /* AbsoluteValuable.swift in Sources */ = {isa = PBXBuildFile; fileRef = 49A72CBD1BE588C2001FDCE8 /* AbsoluteValuable.swift */; };
		49A72CD21BE588C2001FDCE8 /* AnyClass.swift in Sources */ = {isa = PBXBuildFile; fileRef = 49A72CBE1BE588C2001FDCE8 /* AnyClass.swift */; };
		49A72CD31BE588C2001FDCE8 /* CollectionType.swift in Sources */ = {isa = PBXBuildFile; fileRef = 49A72CBF1BE588C2001FDCE8 /* CollectionType.swift */; };
		49A72CD41BE588C2001FDCE8 /* Dictionary.swift in Sources */ = {isa = PBXBuildFile; fileRef = 49A72CC01BE588C2001FDCE8 /* Dictionary.swift */; };
		49A72CD51BE588C2001FDCE8 /* Double.swift in Sources */ = {isa = PBXBuildFile; fileRef = 49A72CC11BE588C2001FDCE8 /* Double.swift */; };
		49A72CD61BE588C2001FDCE8 /* Float.swift in Sources */ = {isa = PBXBuildFile; fileRef = 49A72CC21BE588C2001FDCE8 /* Float.swift */; };
		49A72CD71BE588C2001FDCE8 /* FloatingPointType.swift in Sources */ = {isa = PBXBuildFile; fileRef = 49A72CC31BE588C2001FDCE8 /* FloatingPointType.swift */; };
		49A72CDB1BE588C2001FDCE8 /* IntegerType.swift in Sources */ = {isa = PBXBuildFile; fileRef = 49A72CC71BE588C2001FDCE8 /* IntegerType.swift */; };
		49A72CDD1BE588C2001FDCE8 /* Range.swift in Sources */ = {isa = PBXBuildFile; fileRef = 49A72CC91BE588C2001FDCE8 /* Range.swift */; };
		49A72CDE1BE588C2001FDCE8 /* RangeReplaceableCollectionType.swift in Sources */ = {isa = PBXBuildFile; fileRef = 49A72CCA1BE588C2001FDCE8 /* RangeReplaceableCollectionType.swift */; };
		49A72CDF1BE588C2001FDCE8 /* SequenceType.swift in Sources */ = {isa = PBXBuildFile; fileRef = 49A72CCB1BE588C2001FDCE8 /* SequenceType.swift */; };
		49A72CE01BE588C2001FDCE8 /* Set.swift in Sources */ = {isa = PBXBuildFile; fileRef = 49A72CCC1BE588C2001FDCE8 /* Set.swift */; };
		49A72CE11BE588C2001FDCE8 /* String.swift in Sources */ = {isa = PBXBuildFile; fileRef = 49A72CCD1BE588C2001FDCE8 /* String.swift */; };
		49A72CE71BE5A475001FDCE8 /* Support.swift in Sources */ = {isa = PBXBuildFile; fileRef = 49A72CE61BE5A475001FDCE8 /* Support.swift */; };
		70C0DB1B461E0A264A40EC33 /* Pods.framework in Frameworks */ = {isa = PBXBuildFile; fileRef = D7A46DC0E911F3ABCA3B5312 /* Pods.framework */; };
		983679BB160D137C40C1A452 /* Pods.framework in Frameworks */ = {isa = PBXBuildFile; fileRef = D7A46DC0E911F3ABCA3B5312 /* Pods.framework */; };
/* End PBXBuildFile section */

/* Begin PBXFileReference section */
		2D2ADB3DFE865C1E82E55688 /* Pods.debug.xcconfig */ = {isa = PBXFileReference; includeInIndex = 1; lastKnownFileType = text.xcconfig; name = Pods.debug.xcconfig; path = "Pods/Target Support Files/Pods/Pods.debug.xcconfig"; sourceTree = "<group>"; };
		494784931BF2286E00684AA1 /* NSURL.swift */ = {isa = PBXFileReference; fileEncoding = 4; lastKnownFileType = sourcecode.swift; path = NSURL.swift; sourceTree = "<group>"; };
		4986830D1BE404F7001DCBC7 /* JetPack.app */ = {isa = PBXFileReference; explicitFileType = wrapper.application; includeInIndex = 0; path = JetPack.app; sourceTree = BUILT_PRODUCTS_DIR; };
		498683211BE404F7001DCBC7 /* Tests.xctest */ = {isa = PBXFileReference; explicitFileType = wrapper.cfbundle; includeInIndex = 0; path = Tests.xctest; sourceTree = BUILT_PRODUCTS_DIR; };
		498683311BE405D6001DCBC7 /* AppDelegate.swift */ = {isa = PBXFileReference; fileEncoding = 4; lastKnownFileType = sourcecode.swift; path = AppDelegate.swift; sourceTree = "<group>"; };
		498683321BE405D6001DCBC7 /* Info.plist */ = {isa = PBXFileReference; fileEncoding = 4; lastKnownFileType = text.plist.xml; path = Info.plist; sourceTree = "<group>"; };
		498683331BE405D6001DCBC7 /* LaunchScreen.storyboard */ = {isa = PBXFileReference; fileEncoding = 4; lastKnownFileType = file.storyboard; path = LaunchScreen.storyboard; sourceTree = "<group>"; };
		4986833C1BE410D0001DCBC7 /* Info.plist */ = {isa = PBXFileReference; fileEncoding = 4; lastKnownFileType = text.plist.xml; path = Info.plist; sourceTree = "<group>"; };
		498683441BE418B8001DCBC7 /* CGFloat.swift */ = {isa = PBXFileReference; fileEncoding = 4; lastKnownFileType = sourcecode.swift; path = CGFloat.swift; sourceTree = "<group>"; };
		498683461BE41ECF001DCBC7 /* CGMath.swift */ = {isa = PBXFileReference; fileEncoding = 4; lastKnownFileType = sourcecode.swift; path = CGMath.swift; sourceTree = "<group>"; };
		498683471BE41ECF001DCBC7 /* CGPoint.swift */ = {isa = PBXFileReference; fileEncoding = 4; lastKnownFileType = sourcecode.swift; path = CGPoint.swift; sourceTree = "<group>"; };
		498683481BE41ECF001DCBC7 /* CGRect.swift */ = {isa = PBXFileReference; fileEncoding = 4; lastKnownFileType = sourcecode.swift; path = CGRect.swift; sourceTree = "<group>"; };
		498683491BE41ECF001DCBC7 /* CGSize.swift */ = {isa = PBXFileReference; fileEncoding = 4; lastKnownFileType = sourcecode.swift; path = CGSize.swift; sourceTree = "<group>"; };
		49A72CA81BE5600A001FDCE8 /* NSCalendar.swift */ = {isa = PBXFileReference; fileEncoding = 4; lastKnownFileType = sourcecode.swift; path = NSCalendar.swift; sourceTree = "<group>"; };
		49A72CA91BE5600A001FDCE8 /* NSCalendarUnit.swift */ = {isa = PBXFileReference; fileEncoding = 4; lastKnownFileType = sourcecode.swift; path = NSCalendarUnit.swift; sourceTree = "<group>"; };
		49A72CAA1BE5600A001FDCE8 /* NSCharacterSet.swift */ = {isa = PBXFileReference; fileEncoding = 4; lastKnownFileType = sourcecode.swift; path = NSCharacterSet.swift; sourceTree = "<group>"; };
		49A72CAB1BE5600A001FDCE8 /* NSDate.swift */ = {isa = PBXFileReference; fileEncoding = 4; lastKnownFileType = sourcecode.swift; path = NSDate.swift; sourceTree = "<group>"; };
		49A72CAD1BE5600A001FDCE8 /* NSLocale.swift */ = {isa = PBXFileReference; fileEncoding = 4; lastKnownFileType = sourcecode.swift; path = NSLocale.swift; sourceTree = "<group>"; };
		49A72CAE1BE5600A001FDCE8 /* NSMutableAttributedString.swift */ = {isa = PBXFileReference; fileEncoding = 4; lastKnownFileType = sourcecode.swift; path = NSMutableAttributedString.swift; sourceTree = "<group>"; };
		49A72CAF1BE5600A001FDCE8 /* NSOrderedSet.swift */ = {isa = PBXFileReference; fileEncoding = 4; lastKnownFileType = sourcecode.swift; path = NSOrderedSet.swift; sourceTree = "<group>"; };
		49A72CB01BE5600A001FDCE8 /* NSProgress.swift */ = {isa = PBXFileReference; fileEncoding = 4; lastKnownFileType = sourcecode.swift; path = NSProgress.swift; sourceTree = "<group>"; };
		49A72CB11BE5600A001FDCE8 /* NSRange.swift */ = {isa = PBXFileReference; fileEncoding = 4; lastKnownFileType = sourcecode.swift; path = NSRange.swift; sourceTree = "<group>"; };
		49A72CBD1BE588C2001FDCE8 /* AbsoluteValuable.swift */ = {isa = PBXFileReference; fileEncoding = 4; lastKnownFileType = sourcecode.swift; path = AbsoluteValuable.swift; sourceTree = "<group>"; };
		49A72CBE1BE588C2001FDCE8 /* AnyClass.swift */ = {isa = PBXFileReference; fileEncoding = 4; lastKnownFileType = sourcecode.swift; path = AnyClass.swift; sourceTree = "<group>"; };
		49A72CBF1BE588C2001FDCE8 /* CollectionType.swift */ = {isa = PBXFileReference; fileEncoding = 4; lastKnownFileType = sourcecode.swift; path = CollectionType.swift; sourceTree = "<group>"; };
		49A72CC01BE588C2001FDCE8 /* Dictionary.swift */ = {isa = PBXFileReference; fileEncoding = 4; lastKnownFileType = sourcecode.swift; path = Dictionary.swift; sourceTree = "<group>"; };
		49A72CC11BE588C2001FDCE8 /* Double.swift */ = {isa = PBXFileReference; fileEncoding = 4; lastKnownFileType = sourcecode.swift; path = Double.swift; sourceTree = "<group>"; };
		49A72CC21BE588C2001FDCE8 /* Float.swift */ = {isa = PBXFileReference; fileEncoding = 4; lastKnownFileType = sourcecode.swift; path = Float.swift; sourceTree = "<group>"; };
		49A72CC31BE588C2001FDCE8 /* FloatingPointType.swift */ = {isa = PBXFileReference; fileEncoding = 4; lastKnownFileType = sourcecode.swift; path = FloatingPointType.swift; sourceTree = "<group>"; };
		49A72CC71BE588C2001FDCE8 /* IntegerType.swift */ = {isa = PBXFileReference; fileEncoding = 4; lastKnownFileType = sourcecode.swift; path = IntegerType.swift; sourceTree = "<group>"; };
		49A72CC91BE588C2001FDCE8 /* Range.swift */ = {isa = PBXFileReference; fileEncoding = 4; lastKnownFileType = sourcecode.swift; path = Range.swift; sourceTree = "<group>"; };
		49A72CCA1BE588C2001FDCE8 /* RangeReplaceableCollectionType.swift */ = {isa = PBXFileReference; fileEncoding = 4; lastKnownFileType = sourcecode.swift; path = RangeReplaceableCollectionType.swift; sourceTree = "<group>"; };
		49A72CCB1BE588C2001FDCE8 /* SequenceType.swift */ = {isa = PBXFileReference; fileEncoding = 4; lastKnownFileType = sourcecode.swift; path = SequenceType.swift; sourceTree = "<group>"; };
		49A72CCC1BE588C2001FDCE8 /* Set.swift */ = {isa = PBXFileReference; fileEncoding = 4; lastKnownFileType = sourcecode.swift; path = Set.swift; sourceTree = "<group>"; };
		49A72CCD1BE588C2001FDCE8 /* String.swift */ = {isa = PBXFileReference; fileEncoding = 4; lastKnownFileType = sourcecode.swift; path = String.swift; sourceTree = "<group>"; };
		49A72CE61BE5A475001FDCE8 /* Support.swift */ = {isa = PBXFileReference; fileEncoding = 4; lastKnownFileType = sourcecode.swift; path = Support.swift; sourceTree = "<group>"; };
		D7A46DC0E911F3ABCA3B5312 /* Pods.framework */ = {isa = PBXFileReference; explicitFileType = wrapper.framework; includeInIndex = 0; path = Pods.framework; sourceTree = BUILT_PRODUCTS_DIR; };
		F0D7EE4AEE85078DB773D5F4 /* Pods.release.xcconfig */ = {isa = PBXFileReference; includeInIndex = 1; lastKnownFileType = text.xcconfig; name = Pods.release.xcconfig; path = "Pods/Target Support Files/Pods/Pods.release.xcconfig"; sourceTree = "<group>"; };
/* End PBXFileReference section */

/* Begin PBXFrameworksBuildPhase section */
		4986830A1BE404F7001DCBC7 /* Frameworks */ = {
			isa = PBXFrameworksBuildPhase;
			buildActionMask = 2147483647;
			files = (
				70C0DB1B461E0A264A40EC33 /* Pods.framework in Frameworks */,
			);
			runOnlyForDeploymentPostprocessing = 0;
		};
		4986831E1BE404F7001DCBC7 /* Frameworks */ = {
			isa = PBXFrameworksBuildPhase;
			buildActionMask = 2147483647;
			files = (
				983679BB160D137C40C1A452 /* Pods.framework in Frameworks */,
			);
			runOnlyForDeploymentPostprocessing = 0;
		};
/* End PBXFrameworksBuildPhase section */

/* Begin PBXGroup section */
		304BFEFE0BCC9C78414A54F0 /* Frameworks */ = {
			isa = PBXGroup;
			children = (
				D7A46DC0E911F3ABCA3B5312 /* Pods.framework */,
			);
			name = Frameworks;
			sourceTree = "<group>";
		};
		498683041BE404F7001DCBC7 = {
			isa = PBXGroup;
			children = (
				304BFEFE0BCC9C78414A54F0 /* Frameworks */,
				5374874E92828FF442681C0A /* Pods */,
				4986830E1BE404F7001DCBC7 /* Products */,
				498683301BE405D6001DCBC7 /* Sources */,
				4986833B1BE410D0001DCBC7 /* Tests */,
			);
			sourceTree = "<group>";
		};
		4986830E1BE404F7001DCBC7 /* Products */ = {
			isa = PBXGroup;
			children = (
				4986830D1BE404F7001DCBC7 /* JetPack.app */,
				498683211BE404F7001DCBC7 /* Tests.xctest */,
			);
			name = Products;
			sourceTree = "<group>";
		};
		498683301BE405D6001DCBC7 /* Sources */ = {
			isa = PBXGroup;
			children = (
				498683311BE405D6001DCBC7 /* AppDelegate.swift */,
				498683321BE405D6001DCBC7 /* Info.plist */,
				498683331BE405D6001DCBC7 /* LaunchScreen.storyboard */,
			);
			path = Sources;
			sourceTree = "<group>";
		};
		4986833B1BE410D0001DCBC7 /* Tests */ = {
			isa = PBXGroup;
			children = (
				498683421BE418B8001DCBC7 /* Extensions */,
				4986833C1BE410D0001DCBC7 /* Info.plist */,
				49A72CE61BE5A475001FDCE8 /* Support.swift */,
			);
			path = Tests;
			sourceTree = "<group>";
		};
		498683421BE418B8001DCBC7 /* Extensions */ = {
			isa = PBXGroup;
			children = (
				498683431BE418B8001DCBC7 /* CoreGraphics */,
				49A72CA71BE5600A001FDCE8 /* Foundation */,
				49A72CBC1BE588C2001FDCE8 /* Swift */,
			);
			path = Extensions;
			sourceTree = "<group>";
		};
		498683431BE418B8001DCBC7 /* CoreGraphics */ = {
			isa = PBXGroup;
			children = (
				498683441BE418B8001DCBC7 /* CGFloat.swift */,
				498683461BE41ECF001DCBC7 /* CGMath.swift */,
				498683471BE41ECF001DCBC7 /* CGPoint.swift */,
				498683481BE41ECF001DCBC7 /* CGRect.swift */,
				498683491BE41ECF001DCBC7 /* CGSize.swift */,
			);
			path = CoreGraphics;
			sourceTree = "<group>";
		};
		49A72CA71BE5600A001FDCE8 /* Foundation */ = {
			isa = PBXGroup;
			children = (
				49A72CA81BE5600A001FDCE8 /* NSCalendar.swift */,
				49A72CA91BE5600A001FDCE8 /* NSCalendarUnit.swift */,
				49A72CAA1BE5600A001FDCE8 /* NSCharacterSet.swift */,
				49A72CAB1BE5600A001FDCE8 /* NSDate.swift */,
				49A72CAD1BE5600A001FDCE8 /* NSLocale.swift */,
				49A72CAE1BE5600A001FDCE8 /* NSMutableAttributedString.swift */,
				49A72CAF1BE5600A001FDCE8 /* NSOrderedSet.swift */,
				49A72CB01BE5600A001FDCE8 /* NSProgress.swift */,
				49A72CB11BE5600A001FDCE8 /* NSRange.swift */,
				494784931BF2286E00684AA1 /* NSURL.swift */,
			);
			path = Foundation;
			sourceTree = "<group>";
		};
		49A72CBC1BE588C2001FDCE8 /* Swift */ = {
			isa = PBXGroup;
			children = (
				49A72CBD1BE588C2001FDCE8 /* AbsoluteValuable.swift */,
				49A72CBE1BE588C2001FDCE8 /* AnyClass.swift */,
				49A72CBF1BE588C2001FDCE8 /* CollectionType.swift */,
				49A72CC01BE588C2001FDCE8 /* Dictionary.swift */,
				49A72CC11BE588C2001FDCE8 /* Double.swift */,
				49A72CC21BE588C2001FDCE8 /* Float.swift */,
				49A72CC31BE588C2001FDCE8 /* FloatingPointType.swift */,
				49A72CC71BE588C2001FDCE8 /* IntegerType.swift */,
				49A72CC91BE588C2001FDCE8 /* Range.swift */,
				49A72CCA1BE588C2001FDCE8 /* RangeReplaceableCollectionType.swift */,
				49A72CCB1BE588C2001FDCE8 /* SequenceType.swift */,
				49A72CCC1BE588C2001FDCE8 /* Set.swift */,
				49A72CCD1BE588C2001FDCE8 /* String.swift */,
			);
			path = Swift;
			sourceTree = "<group>";
		};
		5374874E92828FF442681C0A /* Pods */ = {
			isa = PBXGroup;
			children = (
				2D2ADB3DFE865C1E82E55688 /* Pods.debug.xcconfig */,
				F0D7EE4AEE85078DB773D5F4 /* Pods.release.xcconfig */,
			);
			name = Pods;
			sourceTree = "<group>";
		};
/* End PBXGroup section */

/* Begin PBXNativeTarget section */
		4986830C1BE404F7001DCBC7 /* Project */ = {
			isa = PBXNativeTarget;
			buildConfigurationList = 4986832A1BE404F7001DCBC7 /* Build configuration list for PBXNativeTarget "Project" */;
			buildPhases = (
				CBA7A453A3BDEC68C91501E0 /* Check Pods Manifest.lock */,
				498683091BE404F7001DCBC7 /* Sources */,
				4986830A1BE404F7001DCBC7 /* Frameworks */,
				4986830B1BE404F7001DCBC7 /* Resources */,
				60583CE1E7B996195CF73236 /* Embed Pods Frameworks */,
				917FEBA3EDD77E607E116186 /* Copy Pods Resources */,
			);
			buildRules = (
			);
			dependencies = (
			);
			name = Project;
			productName = Xcode;
			productReference = 4986830D1BE404F7001DCBC7 /* JetPack.app */;
			productType = "com.apple.product-type.application";
		};
		498683201BE404F7001DCBC7 /* Tests */ = {
			isa = PBXNativeTarget;
			buildConfigurationList = 4986832D1BE404F7001DCBC7 /* Build configuration list for PBXNativeTarget "Tests" */;
			buildPhases = (
				5BF991E05AE5628A91C1F38E /* Check Pods Manifest.lock */,
				4986831D1BE404F7001DCBC7 /* Sources */,
				4986831E1BE404F7001DCBC7 /* Frameworks */,
				4986831F1BE404F7001DCBC7 /* Resources */,
				F62CD594ED4267D59E6193A5 /* Embed Pods Frameworks */,
				279E90B03810B13B326994B0 /* Copy Pods Resources */,
			);
			buildRules = (
			);
			dependencies = (
			);
			name = Tests;
			productName = XcodeTests;
			productReference = 498683211BE404F7001DCBC7 /* Tests.xctest */;
			productType = "com.apple.product-type.bundle.unit-test";
		};
/* End PBXNativeTarget section */

/* Begin PBXProject section */
		498683051BE404F7001DCBC7 /* Project object */ = {
			isa = PBXProject;
			attributes = {
				LastSwiftUpdateCheck = 0710;
				LastUpgradeCheck = 0710;
				ORGANIZATIONNAME = JetPack;
				TargetAttributes = {
					4986830C1BE404F7001DCBC7 = {
						CreatedOnToolsVersion = 7.1;
					};
					498683201BE404F7001DCBC7 = {
						CreatedOnToolsVersion = 7.1;
					};
				};
			};
			buildConfigurationList = 498683081BE404F7001DCBC7 /* Build configuration list for PBXProject "Project" */;
			compatibilityVersion = "Xcode 3.2";
			developmentRegion = English;
			hasScannedForEncodings = 0;
			knownRegions = (
				en,
				Base,
			);
			mainGroup = 498683041BE404F7001DCBC7;
			productRefGroup = 4986830E1BE404F7001DCBC7 /* Products */;
			projectDirPath = "";
			projectRoot = "";
			targets = (
				4986830C1BE404F7001DCBC7 /* Project */,
				498683201BE404F7001DCBC7 /* Tests */,
			);
		};
/* End PBXProject section */

/* Begin PBXResourcesBuildPhase section */
		4986830B1BE404F7001DCBC7 /* Resources */ = {
			isa = PBXResourcesBuildPhase;
			buildActionMask = 2147483647;
			files = (
				498683381BE405D6001DCBC7 /* LaunchScreen.storyboard in Resources */,
			);
			runOnlyForDeploymentPostprocessing = 0;
		};
		4986831F1BE404F7001DCBC7 /* Resources */ = {
			isa = PBXResourcesBuildPhase;
			buildActionMask = 2147483647;
			files = (
			);
			runOnlyForDeploymentPostprocessing = 0;
		};
/* End PBXResourcesBuildPhase section */

/* Begin PBXShellScriptBuildPhase section */
		279E90B03810B13B326994B0 /* Copy Pods Resources */ = {
			isa = PBXShellScriptBuildPhase;
			buildActionMask = 2147483647;
			files = (
			);
			inputPaths = (
			);
			name = "Copy Pods Resources";
			outputPaths = (
			);
			runOnlyForDeploymentPostprocessing = 0;
			shellPath = /bin/sh;
			shellScript = "\"${SRCROOT}/Pods/Target Support Files/Pods/Pods-resources.sh\"\n";
			showEnvVarsInLog = 0;
		};
		5BF991E05AE5628A91C1F38E /* Check Pods Manifest.lock */ = {
			isa = PBXShellScriptBuildPhase;
			buildActionMask = 2147483647;
			files = (
			);
			inputPaths = (
			);
			name = "Check Pods Manifest.lock";
			outputPaths = (
			);
			runOnlyForDeploymentPostprocessing = 0;
			shellPath = /bin/sh;
			shellScript = "diff \"${PODS_ROOT}/../Podfile.lock\" \"${PODS_ROOT}/Manifest.lock\" > /dev/null\nif [[ $? != 0 ]] ; then\n    cat << EOM\nerror: The sandbox is not in sync with the Podfile.lock. Run 'pod install' or update your CocoaPods installation.\nEOM\n    exit 1\nfi\n";
			showEnvVarsInLog = 0;
		};
		60583CE1E7B996195CF73236 /* Embed Pods Frameworks */ = {
			isa = PBXShellScriptBuildPhase;
			buildActionMask = 2147483647;
			files = (
			);
			inputPaths = (
			);
			name = "Embed Pods Frameworks";
			outputPaths = (
			);
			runOnlyForDeploymentPostprocessing = 0;
			shellPath = /bin/sh;
			shellScript = "\"${SRCROOT}/Pods/Target Support Files/Pods/Pods-frameworks.sh\"\n";
			showEnvVarsInLog = 0;
		};
		917FEBA3EDD77E607E116186 /* Copy Pods Resources */ = {
			isa = PBXShellScriptBuildPhase;
			buildActionMask = 2147483647;
			files = (
			);
			inputPaths = (
			);
			name = "Copy Pods Resources";
			outputPaths = (
			);
			runOnlyForDeploymentPostprocessing = 0;
			shellPath = /bin/sh;
			shellScript = "\"${SRCROOT}/Pods/Target Support Files/Pods/Pods-resources.sh\"\n";
			showEnvVarsInLog = 0;
		};
		CBA7A453A3BDEC68C91501E0 /* Check Pods Manifest.lock */ = {
			isa = PBXShellScriptBuildPhase;
			buildActionMask = 2147483647;
			files = (
			);
			inputPaths = (
			);
			name = "Check Pods Manifest.lock";
			outputPaths = (
			);
			runOnlyForDeploymentPostprocessing = 0;
			shellPath = /bin/sh;
			shellScript = "diff \"${PODS_ROOT}/../Podfile.lock\" \"${PODS_ROOT}/Manifest.lock\" > /dev/null\nif [[ $? != 0 ]] ; then\n    cat << EOM\nerror: The sandbox is not in sync with the Podfile.lock. Run 'pod install' or update your CocoaPods installation.\nEOM\n    exit 1\nfi\n";
			showEnvVarsInLog = 0;
		};
		F62CD594ED4267D59E6193A5 /* Embed Pods Frameworks */ = {
			isa = PBXShellScriptBuildPhase;
			buildActionMask = 2147483647;
			files = (
			);
			inputPaths = (
			);
			name = "Embed Pods Frameworks";
			outputPaths = (
			);
			runOnlyForDeploymentPostprocessing = 0;
			shellPath = /bin/sh;
			shellScript = "\"${SRCROOT}/Pods/Target Support Files/Pods/Pods-frameworks.sh\"\n";
			showEnvVarsInLog = 0;
		};
/* End PBXShellScriptBuildPhase section */

/* Begin PBXSourcesBuildPhase section */
		498683091BE404F7001DCBC7 /* Sources */ = {
			isa = PBXSourcesBuildPhase;
			buildActionMask = 2147483647;
			files = (
				498683361BE405D6001DCBC7 /* AppDelegate.swift in Sources */,
			);
			runOnlyForDeploymentPostprocessing = 0;
		};
		4986831D1BE404F7001DCBC7 /* Sources */ = {
			isa = PBXSourcesBuildPhase;
			buildActionMask = 2147483647;
			files = (
				49A72CD11BE588C2001FDCE8 /* AbsoluteValuable.swift in Sources */,
				494784941BF2286E00684AA1 /* NSURL.swift in Sources */,
				498683451BE418B8001DCBC7 /* CGFloat.swift in Sources */,
				49A72CDE1BE588C2001FDCE8 /* RangeReplaceableCollectionType.swift in Sources */,
				49A72CB91BE5600A001FDCE8 /* NSOrderedSet.swift in Sources */,
				49A72CE11BE588C2001FDCE8 /* String.swift in Sources */,
				49A72CB41BE5600A001FDCE8 /* NSCharacterSet.swift in Sources */,
				4986834B1BE41ECF001DCBC7 /* CGPoint.swift in Sources */,
				49A72CD41BE588C2001FDCE8 /* Dictionary.swift in Sources */,
				49A72CB21BE5600A001FDCE8 /* NSCalendar.swift in Sources */,
				49A72CD31BE588C2001FDCE8 /* CollectionType.swift in Sources */,
				49A72CB71BE5600A001FDCE8 /* NSLocale.swift in Sources */,
				49A72CD51BE588C2001FDCE8 /* Double.swift in Sources */,
				49A72CD21BE588C2001FDCE8 /* AnyClass.swift in Sources */,
				49A72CB51BE5600A001FDCE8 /* NSDate.swift in Sources */,
				49A72CDB1BE588C2001FDCE8 /* IntegerType.swift in Sources */,
				49A72CDF1BE588C2001FDCE8 /* SequenceType.swift in Sources */,
				49A72CBB1BE5600A001FDCE8 /* NSRange.swift in Sources */,
				49A72CB31BE5600A001FDCE8 /* NSCalendarUnit.swift in Sources */,
				49A72CE01BE588C2001FDCE8 /* Set.swift in Sources */,
				4986834D1BE41ECF001DCBC7 /* CGSize.swift in Sources */,
				49A72CBA1BE5600A001FDCE8 /* NSProgress.swift in Sources */,
				49A72CE71BE5A475001FDCE8 /* Support.swift in Sources */,
				49A72CD61BE588C2001FDCE8 /* Float.swift in Sources */,
				49A72CDD1BE588C2001FDCE8 /* Range.swift in Sources */,
				49A72CB81BE5600A001FDCE8 /* NSMutableAttributedString.swift in Sources */,
				49A72CD71BE588C2001FDCE8 /* FloatingPointType.swift in Sources */,
				4986834A1BE41ECF001DCBC7 /* CGMath.swift in Sources */,
				4986834C1BE41ECF001DCBC7 /* CGRect.swift in Sources */,
			);
			runOnlyForDeploymentPostprocessing = 0;
		};
/* End PBXSourcesBuildPhase section */

/* Begin XCBuildConfiguration section */
		498683281BE404F7001DCBC7 /* Debug */ = {
			isa = XCBuildConfiguration;
			buildSettings = {
				ALWAYS_SEARCH_USER_PATHS = NO;
				CLANG_CXX_LANGUAGE_STANDARD = "gnu++0x";
				CLANG_CXX_LIBRARY = "libc++";
				CLANG_ENABLE_MODULES = YES;
				CLANG_ENABLE_OBJC_ARC = YES;
				CLANG_WARN_BOOL_CONVERSION = YES;
				CLANG_WARN_CONSTANT_CONVERSION = YES;
				CLANG_WARN_DIRECT_OBJC_ISA_USAGE = YES_ERROR;
				CLANG_WARN_EMPTY_BODY = YES;
				CLANG_WARN_ENUM_CONVERSION = YES;
				CLANG_WARN_INT_CONVERSION = YES;
				CLANG_WARN_OBJC_ROOT_CLASS = YES_ERROR;
				CLANG_WARN_UNREACHABLE_CODE = YES;
				CLANG_WARN__DUPLICATE_METHOD_MATCH = YES;
				"CODE_SIGN_IDENTITY[sdk=iphoneos*]" = "iPhone Developer";
				COPY_PHASE_STRIP = NO;
				DEBUG_INFORMATION_FORMAT = dwarf;
				ENABLE_STRICT_OBJC_MSGSEND = YES;
				ENABLE_TESTABILITY = YES;
				GCC_C_LANGUAGE_STANDARD = gnu99;
				GCC_DYNAMIC_NO_PIC = NO;
				GCC_NO_COMMON_BLOCKS = YES;
				GCC_OPTIMIZATION_LEVEL = 0;
				GCC_PREPROCESSOR_DEFINITIONS = (
					"DEBUG=1",
					"$(inherited)",
				);
				GCC_WARN_64_TO_32_BIT_CONVERSION = YES;
				GCC_WARN_ABOUT_RETURN_TYPE = YES_ERROR;
				GCC_WARN_UNDECLARED_SELECTOR = YES;
				GCC_WARN_UNINITIALIZED_AUTOS = YES_AGGRESSIVE;
				GCC_WARN_UNUSED_FUNCTION = YES;
				GCC_WARN_UNUSED_VARIABLE = YES;
				IPHONEOS_DEPLOYMENT_TARGET = 8;
				MTL_ENABLE_DEBUG_INFO = YES;
				ONLY_ACTIVE_ARCH = YES;
				SDKROOT = iphoneos;
				SWIFT_OPTIMIZATION_LEVEL = "-Onone";
			};
			name = Debug;
		};
		498683291BE404F7001DCBC7 /* Release */ = {
			isa = XCBuildConfiguration;
			buildSettings = {
				ALWAYS_SEARCH_USER_PATHS = NO;
				CLANG_CXX_LANGUAGE_STANDARD = "gnu++0x";
				CLANG_CXX_LIBRARY = "libc++";
				CLANG_ENABLE_MODULES = YES;
				CLANG_ENABLE_OBJC_ARC = YES;
				CLANG_WARN_BOOL_CONVERSION = YES;
				CLANG_WARN_CONSTANT_CONVERSION = YES;
				CLANG_WARN_DIRECT_OBJC_ISA_USAGE = YES_ERROR;
				CLANG_WARN_EMPTY_BODY = YES;
				CLANG_WARN_ENUM_CONVERSION = YES;
				CLANG_WARN_INT_CONVERSION = YES;
				CLANG_WARN_OBJC_ROOT_CLASS = YES_ERROR;
				CLANG_WARN_UNREACHABLE_CODE = YES;
				CLANG_WARN__DUPLICATE_METHOD_MATCH = YES;
				"CODE_SIGN_IDENTITY[sdk=iphoneos*]" = "iPhone Developer";
				COPY_PHASE_STRIP = NO;
				DEBUG_INFORMATION_FORMAT = "dwarf-with-dsym";
				ENABLE_NS_ASSERTIONS = NO;
				ENABLE_STRICT_OBJC_MSGSEND = YES;
				GCC_C_LANGUAGE_STANDARD = gnu99;
				GCC_NO_COMMON_BLOCKS = YES;
				GCC_WARN_64_TO_32_BIT_CONVERSION = YES;
				GCC_WARN_ABOUT_RETURN_TYPE = YES_ERROR;
				GCC_WARN_UNDECLARED_SELECTOR = YES;
				GCC_WARN_UNINITIALIZED_AUTOS = YES_AGGRESSIVE;
				GCC_WARN_UNUSED_FUNCTION = YES;
				GCC_WARN_UNUSED_VARIABLE = YES;
				IPHONEOS_DEPLOYMENT_TARGET = 8;
				MTL_ENABLE_DEBUG_INFO = NO;
				SDKROOT = iphoneos;
				VALIDATE_PRODUCT = YES;
			};
			name = Release;
		};
		4986832B1BE404F7001DCBC7 /* Debug */ = {
			isa = XCBuildConfiguration;
			baseConfigurationReference = 2D2ADB3DFE865C1E82E55688 /* Pods.debug.xcconfig */;
			buildSettings = {
				INFOPLIST_FILE = Sources/Info.plist;
				LD_RUNPATH_SEARCH_PATHS = "$(inherited) @executable_path/Frameworks";
				PRODUCT_BUNDLE_IDENTIFIER = jetpack.Project;
				PRODUCT_MODULE_NAME = Project;
				PRODUCT_NAME = JetPack;
				TARGETED_DEVICE_FAMILY = "1,2";
			};
			name = Debug;
		};
		4986832C1BE404F7001DCBC7 /* Release */ = {
			isa = XCBuildConfiguration;
			baseConfigurationReference = F0D7EE4AEE85078DB773D5F4 /* Pods.release.xcconfig */;
			buildSettings = {
				INFOPLIST_FILE = Sources/Info.plist;
				LD_RUNPATH_SEARCH_PATHS = "$(inherited) @executable_path/Frameworks";
				PRODUCT_BUNDLE_IDENTIFIER = jetpack.Project;
				PRODUCT_MODULE_NAME = Project;
				PRODUCT_NAME = JetPack;
				TARGETED_DEVICE_FAMILY = "1,2";
			};
			name = Release;
		};
		4986832E1BE404F7001DCBC7 /* Debug */ = {
			isa = XCBuildConfiguration;
			baseConfigurationReference = 2D2ADB3DFE865C1E82E55688 /* Pods.debug.xcconfig */;
			buildSettings = {
				INFOPLIST_FILE = Tests/Info.plist;
				LD_RUNPATH_SEARCH_PATHS = "$(inherited) @executable_path/Frameworks @loader_path/Frameworks";
				PRODUCT_BUNDLE_IDENTIFIER = jetpack.Tests;
				PRODUCT_NAME = Tests;
			};
			name = Debug;
		};
		4986832F1BE404F7001DCBC7 /* Release */ = {
			isa = XCBuildConfiguration;
			baseConfigurationReference = F0D7EE4AEE85078DB773D5F4 /* Pods.release.xcconfig */;
			buildSettings = {
				INFOPLIST_FILE = Tests/Info.plist;
				LD_RUNPATH_SEARCH_PATHS = "$(inherited) @executable_path/Frameworks @loader_path/Frameworks";
				PRODUCT_BUNDLE_IDENTIFIER = jetpack.Tests;
				PRODUCT_NAME = Tests;
			};
			name = Release;
		};
/* End XCBuildConfiguration section */

/* Begin XCConfigurationList section */
		498683081BE404F7001DCBC7 /* Build configuration list for PBXProject "Project" */ = {
			isa = XCConfigurationList;
			buildConfigurations = (
				498683281BE404F7001DCBC7 /* Debug */,
				498683291BE404F7001DCBC7 /* Release */,
			);
			defaultConfigurationIsVisible = 0;
			defaultConfigurationName = Release;
		};
		4986832A1BE404F7001DCBC7 /* Build configuration list for PBXNativeTarget "Project" */ = {
			isa = XCConfigurationList;
			buildConfigurations = (
				4986832B1BE404F7001DCBC7 /* Debug */,
				4986832C1BE404F7001DCBC7 /* Release */,
			);
			defaultConfigurationIsVisible = 0;
			defaultConfigurationName = Release;
		};
		4986832D1BE404F7001DCBC7 /* Build configuration list for PBXNativeTarget "Tests" */ = {
			isa = XCConfigurationList;
			buildConfigurations = (
				4986832E1BE404F7001DCBC7 /* Debug */,
				4986832F1BE404F7001DCBC7 /* Release */,
			);
			defaultConfigurationIsVisible = 0;
			defaultConfigurationName = Release;
		};
/* End XCConfigurationList section */
	};
	rootObject = 498683051BE404F7001DCBC7 /* Project object */;
}
